# THIS IS AN AUTOGENERATED FILE. DO NOT EDIT THIS FILE DIRECTLY.
# yarn lockfile v1


"@dimforge/rapier3d@^0.11.2":
  version "0.11.2"
  resolved "https://registry.yarnpkg.com/@dimforge/rapier3d/-/rapier3d-0.11.2.tgz#b81d64a6a86b5f04805da29ce7eec57424769c6a"
  integrity sha512-B+AKkPmtJxED3goMTGU8v0ju8hUAUQGLgghzCos4G4OeN9X+mJ5lfN2xtNA0n8tJRJk2YfsMk9BOj/6AN89Acg==
